# THIS IS AN AUTOGENERATED FILE. DO NOT EDIT THIS FILE DIRECTLY.
# yarn lockfile v1


"@vue/reactivity@^3.4.38":
  version "3.4.38"
  resolved "https://mirrors.huaweicloud.com/repository/npm/@vue/reactivity/-/reactivity-3.4.38.tgz#ec2d549f4b831cd03d0baabf7d77e840b8536000"
  integrity sha512-4vl4wMMVniLsSYYeldAKzbk72+D3hUnkw9z8lDeJacTxAkXeDAP1uE9xr2+aKIN0ipOL8EG2GPouVTH6yF7Gnw==
  dependencies:
    "@vue/shared" "3.4.38"

"@vue/shared@3.4.38":
  version "3.4.38"
  resolved "https://mirrors.huaweicloud.com/repository/npm/@vue/shared/-/shared-3.4.38.tgz#552a6770098bfd556fa3e2c686c9d3b4f4cd94c2"
  integrity sha512-q0xCiLkuWWQLzVrecPb0RMsNWyxICOjPrcrwxTUEHb1fsnvni4dcuyG7RT/Ie7VPTvnjzIaWzRMUBsrqNj/hhw==
